
Microsoft Visual Studio Solution File, Format Version 12.00
# Visual Studio Version 16
VisualStudioVersion = 16.0.29215.179
MinimumVisualStudioVersion = 10.0.40219.1
Project("{9A19103F-16F7-4668-BE54-9A1E7A4F7556}") = "TimesheetApi", "TimesheetApi\TimesheetApi.csproj", "{E670BD20-F679-4B5B-B183-061EFD943BD2}"
EndProject
Global
	GlobalSection(SolutionConfigurationPlatforms) = preSolution
		Debug|Any CPU = Debug|Any CPU
		Debug|iPhone = Debug|iPhone
		Debug|iPhoneSimulator = Debug|iPhoneSimulator
		Release|Any CPU = Release|Any CPU
		Release|iPhone = Release|iPhone
		Release|iPhoneSimulator = Release|iPhoneSimulator
	EndGlobalSection
	GlobalSection(ProjectConfigurationPlatforms) = postSolution
		{E670BD20-F679-4B5B-B183-061EFD943BD2}.Debug|Any CPU.ActiveCfg = Debug|Any CPU
		{E670BD20-F679-4B5B-B183-061EFD943BD2}.Debug|Any CPU.Build.0 = Debug|Any CPU
		{E670BD20-F679-4B5B-B183-061EFD943BD2}.Debug|iPhone.ActiveCfg = Debug|Any CPU
		{E670BD20-F679-4B5B-B183-061EFD943BD2}.Debug|iPhone.Build.0 = Debug|Any CPU
		{E670BD20-F679-4B5B-B183-061EFD943BD2}.Debug|iPhoneSimulator.ActiveCfg = Debug|Any CPU
		{E670BD20-F679-4B5B-B183-061EFD943BD2}.Debug|iPhoneSimulator.Build.0 = Debug|Any CPU
		{E670BD20-F679-4B5B-B183-061EFD943BD2}.Release|Any CPU.ActiveCfg = Release|Any CPU
		{E670BD20-F679-4B5B-B183-061EFD943BD2}.Release|Any CPU.Build.0 = Release|Any CPU
		{E670BD20-F679-4B5B-B183-061EFD943BD2}.Release|iPhone.ActiveCfg = Release|Any CPU
		{E670BD20-F679-4B5B-B183-061EFD943BD2}.Release|iPhone.Build.0 = Release|Any CPU
		{E670BD20-F679-4B5B-B183-061EFD943BD2}.Release|iPhoneSimulator.ActiveCfg = Release|Any CPU
		{E670BD20-F679-4B5B-B183-061EFD943BD2}.Release|iPhoneSimulator.Build.0 = Release|Any CPU
	EndGlobalSection
	GlobalSection(SolutionProperties) = preSolution
		HideSolutionNode = FALSE
	EndGlobalSection
	GlobalSection(ExtensibilityGlobals) = postSolution
		SolutionGuid = {691FCF91-A85C-471E-A210-E3439AC024E4}
	EndGlobalSection
EndGlobal
